
Microsoft Visual Studio Solution File, Format Version 12.00
# Visual Studio Version 17
VisualStudioVersion = 17.0.31903.59
MinimumVisualStudioVersion = 10.0.40219.1
Project("{FAE04EC0-301F-11D3-BF4B-00C04F79EFBC}") = "WinMergeRapper", "WinMergeRapper\WinMergeRapper.csproj", "{5DDCF321-1151-4637-B092-657BCE155E9B}"
EndProject
Project("{FAE04EC0-301F-11D3-BF4B-00C04F79EFBC}") = "WinMergeRapperTest", "WinMergeRapperTest\WinMergeRapperTest.csproj", "{14C67BC0-6836-420B-8421-83C16B2441D6}"
EndProject
Global
	GlobalSection(SolutionConfigurationPlatforms) = preSolution
		Debug|Any CPU = Debug|Any CPU
		Release|Any CPU = Release|Any CPU
	EndGlobalSection
	GlobalSection(SolutionProperties) = preSolution
		HideSolutionNode = FALSE
	EndGlobalSection
	GlobalSection(ProjectConfigurationPlatforms) = postSolution
		{5DDCF321-1151-4637-B092-657BCE155E9B}.Debug|Any CPU.ActiveCfg = Debug|Any CPU
		{5DDCF321-1151-4637-B092-657BCE155E9B}.Debug|Any CPU.Build.0 = Debug|Any CPU
		{5DDCF321-1151-4637-B092-657BCE155E9B}.Release|Any CPU.ActiveCfg = Release|Any CPU
		{5DDCF321-1151-4637-B092-657BCE155E9B}.Release|Any CPU.Build.0 = Release|Any CPU
		{14C67BC0-6836-420B-8421-83C16B2441D6}.Debug|Any CPU.ActiveCfg = Debug|Any CPU
		{14C67BC0-6836-420B-8421-83C16B2441D6}.Debug|Any CPU.Build.0 = Debug|Any CPU
		{14C67BC0-6836-420B-8421-83C16B2441D6}.Release|Any CPU.ActiveCfg = Release|Any CPU
		{14C67BC0-6836-420B-8421-83C16B2441D6}.Release|Any CPU.Build.0 = Release|Any CPU
	EndGlobalSection
EndGlobal
